
Microsoft Visual Studio Solution File, Format Version 12.00
# Visual Studio Version 16
VisualStudioVersion = 16.0.29123.88
MinimumVisualStudioVersion = 10.0.40219.1
Project("{9A19103F-16F7-4668-BE54-9A1E7A4F7556}") = "BaseDemo001", "BaseDemo001\BaseDemo001.csproj", "{9433827F-8247-471B-896A-5084906B340E}"
EndProject
Project("{9A19103F-16F7-4668-BE54-9A1E7A4F7556}") = "DI002", "DI002\DI002.csproj", "{F59A8183-48E5-4180-B771-6929E5D7AB4B}"
EndProject
Project("{9A19103F-16F7-4668-BE54-9A1E7A4F7556}") = "MultiDI003", "MultiDI003\MultiDI003.csproj", "{BD0041D5-D137-4035-880B-E2110769E30D}"
EndProject
Project("{9A19103F-16F7-4668-BE54-9A1E7A4F7556}") = "MW004", "MW004\MW004.csproj", "{DC431AF0-9994-4D10-B598-9118FE239037}"
EndProject
Project("{9A19103F-16F7-4668-BE54-9A1E7A4F7556}") = "RquestCount005", "RquestCount005\RquestCount005.csproj", "{77D1D733-FA63-4C72-99F8-87A2AD833933}"
EndProject
Project("{FAE04EC0-301F-11D3-BF4B-00C04F79EFBC}") = "Configration006", "Configration006\Configration006.csproj", "{7E0262DC-7298-4447-B990-3B9150659D36}"
EndProject
Project("{FAE04EC0-301F-11D3-BF4B-00C04F79EFBC}") = "Configuration007", "Configuration007\Configuration007.csproj", "{0FEEA600-80B7-4B06-B87A-0FB1BE60D311}"
EndProject
Project("{FAE04EC0-301F-11D3-BF4B-00C04F79EFBC}") = "YamlConfiguration008", "YamlConfiguration008\YamlConfiguration008.csproj", "{A238955A-65E1-46FA-AC08-91988A5655AE}"
EndProject
Project("{FAE04EC0-301F-11D3-BF4B-00C04F79EFBC}") = "Log009", "Log009\Log009.csproj", "{A35F5517-9513-4781-A1B6-5003E6926A5F}"
EndProject
Project("{FAE04EC0-301F-11D3-BF4B-00C04F79EFBC}") = "NLog010", "NLog010\NLog010.csproj", "{762EE19C-4069-4073-9A28-ABA8C5E5CC9B}"
EndProject
Global
	GlobalSection(SolutionConfigurationPlatforms) = preSolution
		Debug|Any CPU = Debug|Any CPU
		Release|Any CPU = Release|Any CPU
	EndGlobalSection
	GlobalSection(ProjectConfigurationPlatforms) = postSolution
		{9433827F-8247-471B-896A-5084906B340E}.Debug|Any CPU.ActiveCfg = Debug|Any CPU
		{9433827F-8247-471B-896A-5084906B340E}.Debug|Any CPU.Build.0 = Debug|Any CPU
		{9433827F-8247-471B-896A-5084906B340E}.Release|Any CPU.ActiveCfg = Release|Any CPU
		{9433827F-8247-471B-896A-5084906B340E}.Release|Any CPU.Build.0 = Release|Any CPU
		{F59A8183-48E5-4180-B771-6929E5D7AB4B}.Debug|Any CPU.ActiveCfg = Debug|Any CPU
		{F59A8183-48E5-4180-B771-6929E5D7AB4B}.Debug|Any CPU.Build.0 = Debug|Any CPU
		{F59A8183-48E5-4180-B771-6929E5D7AB4B}.Release|Any CPU.ActiveCfg = Release|Any CPU
		{F59A8183-48E5-4180-B771-6929E5D7AB4B}.Release|Any CPU.Build.0 = Release|Any CPU
		{BD0041D5-D137-4035-880B-E2110769E30D}.Debug|Any CPU.ActiveCfg = Debug|Any CPU
		{BD0041D5-D137-4035-880B-E2110769E30D}.Debug|Any CPU.Build.0 = Debug|Any CPU
		{BD0041D5-D137-4035-880B-E2110769E30D}.Release|Any CPU.ActiveCfg = Release|Any CPU
		{BD0041D5-D137-4035-880B-E2110769E30D}.Release|Any CPU.Build.0 = Release|Any CPU
		{DC431AF0-9994-4D10-B598-9118FE239037}.Debug|Any CPU.ActiveCfg = Debug|Any CPU
		{DC431AF0-9994-4D10-B598-9118FE239037}.Debug|Any CPU.Build.0 = Debug|Any CPU
		{DC431AF0-9994-4D10-B598-9118FE239037}.Release|Any CPU.ActiveCfg = Release|Any CPU
		{DC431AF0-9994-4D10-B598-9118FE239037}.Release|Any CPU.Build.0 = Release|Any CPU
		{77D1D733-FA63-4C72-99F8-87A2AD833933}.Debug|Any CPU.ActiveCfg = Debug|Any CPU
		{77D1D733-FA63-4C72-99F8-87A2AD833933}.Debug|Any CPU.Build.0 = Debug|Any CPU
		{77D1D733-FA63-4C72-99F8-87A2AD833933}.Release|Any CPU.ActiveCfg = Release|Any CPU
		{77D1D733-FA63-4C72-99F8-87A2AD833933}.Release|Any CPU.Build.0 = Release|Any CPU
		{7E0262DC-7298-4447-B990-3B9150659D36}.Debug|Any CPU.ActiveCfg = Debug|Any CPU
		{7E0262DC-7298-4447-B990-3B9150659D36}.Debug|Any CPU.Build.0 = Debug|Any CPU
		{7E0262DC-7298-4447-B990-3B9150659D36}.Release|Any CPU.ActiveCfg = Release|Any CPU
		{7E0262DC-7298-4447-B990-3B9150659D36}.Release|Any CPU.Build.0 = Release|Any CPU
		{0FEEA600-80B7-4B06-B87A-0FB1BE60D311}.Debug|Any CPU.ActiveCfg = Debug|Any CPU
		{0FEEA600-80B7-4B06-B87A-0FB1BE60D311}.Debug|Any CPU.Build.0 = Debug|Any CPU
		{0FEEA600-80B7-4B06-B87A-0FB1BE60D311}.Release|Any CPU.ActiveCfg = Release|Any CPU
		{0FEEA600-80B7-4B06-B87A-0FB1BE60D311}.Release|Any CPU.Build.0 = Release|Any CPU
		{A238955A-65E1-46FA-AC08-91988A5655AE}.Debug|Any CPU.ActiveCfg = Debug|Any CPU
		{A238955A-65E1-46FA-AC08-91988A5655AE}.Debug|Any CPU.Build.0 = Debug|Any CPU
		{A238955A-65E1-46FA-AC08-91988A5655AE}.Release|Any CPU.ActiveCfg = Release|Any CPU
		{A238955A-65E1-46FA-AC08-91988A5655AE}.Release|Any CPU.Build.0 = Release|Any CPU
		{A35F5517-9513-4781-A1B6-5003E6926A5F}.Debug|Any CPU.ActiveCfg = Debug|Any CPU
		{A35F5517-9513-4781-A1B6-5003E6926A5F}.Debug|Any CPU.Build.0 = Debug|Any CPU
		{A35F5517-9513-4781-A1B6-5003E6926A5F}.Release|Any CPU.ActiveCfg = Release|Any CPU
		{A35F5517-9513-4781-A1B6-5003E6926A5F}.Release|Any CPU.Build.0 = Release|Any CPU
		{762EE19C-4069-4073-9A28-ABA8C5E5CC9B}.Debug|Any CPU.ActiveCfg = Debug|Any CPU
		{762EE19C-4069-4073-9A28-ABA8C5E5CC9B}.Debug|Any CPU.Build.0 = Debug|Any CPU
		{762EE19C-4069-4073-9A28-ABA8C5E5CC9B}.Release|Any CPU.ActiveCfg = Release|Any CPU
		{762EE19C-4069-4073-9A28-ABA8C5E5CC9B}.Release|Any CPU.Build.0 = Release|Any CPU
	EndGlobalSection
	GlobalSection(SolutionProperties) = preSolution
		HideSolutionNode = FALSE
	EndGlobalSection
	GlobalSection(ExtensibilityGlobals) = postSolution
		SolutionGuid = {19C56793-3FCA-4D30-B5DA-C9A5B70F58C4}
	EndGlobalSection
EndGlobal
