
Microsoft Visual Studio Solution File, Format Version 12.00
# Visual Studio Version 16
VisualStudioVersion = 16.0.29123.88
MinimumVisualStudioVersion = 10.0.40219.1
Project("{FAE04EC0-301F-11D3-BF4B-00C04F79EFBC}") = "BaseDemo001", "BaseDemo001\BaseDemo001.csproj", "{9433827F-8247-471B-896A-5084906B340E}"
EndProject
Global
	GlobalSection(SolutionConfigurationPlatforms) = preSolution
		Debug|Any CPU = Debug|Any CPU
		Release|Any CPU = Release|Any CPU
	EndGlobalSection
	GlobalSection(ProjectConfigurationPlatforms) = postSolution
		{9433827F-8247-471B-896A-5084906B340E}.Debug|Any CPU.ActiveCfg = Debug|Any CPU
		{9433827F-8247-471B-896A-5084906B340E}.Debug|Any CPU.Build.0 = Debug|Any CPU
		{9433827F-8247-471B-896A-5084906B340E}.Release|Any CPU.ActiveCfg = Release|Any CPU
		{9433827F-8247-471B-896A-5084906B340E}.Release|Any CPU.Build.0 = Release|Any CPU
	EndGlobalSection
	GlobalSection(SolutionProperties) = preSolution
		HideSolutionNode = FALSE
	EndGlobalSection
	GlobalSection(ExtensibilityGlobals) = postSolution
		SolutionGuid = {19C56793-3FCA-4D30-B5DA-C9A5B70F58C4}
	EndGlobalSection
EndGlobal
